
Microsoft Visual Studio Solution File, Format Version 11.00
# Visual Studio 2010
Project("{FAE04EC0-301F-11D3-BF4B-00C04F79EFBC}") = "Assembly-CSharp", "Assembly-CSharp.csproj", "{D878FD29-16AC-1BE8-9042-62F7221F2888}"
EndProject
Project("{FAE04EC0-301F-11D3-BF4B-00C04F79EFBC}") = "Assembly-CSharp-firstpass", "Assembly-CSharp-firstpass.csproj", "{2CC901F4-39FE-3DA6-8A2D-CD91BCB705A9}"
EndProject
Project("{FAE04EC0-301F-11D3-BF4B-00C04F79EFBC}") = "Assembly-CSharp-Editor", "Assembly-CSharp-Editor.csproj", "{37EFD417-8450-3054-8F95-68A3AE6A77C7}"
EndProject
Project("{FAE04EC0-301F-11D3-BF4B-00C04F79EFBC}") = "Assembly-CSharp-Editor-firstpass", "Assembly-CSharp-Editor-firstpass.csproj", "{7CAC81B7-BA5C-5FB8-DB05-A118F7F47E0E}"
EndProject
Global
	GlobalSection(SolutionConfigurationPlatforms) = preSolution
		Debug|Any CPU = Debug|Any CPU
		Release|Any CPU = Release|Any CPU
	EndGlobalSection
	GlobalSection(ProjectConfigurationPlatforms) = postSolution
		{D878FD29-16AC-1BE8-9042-62F7221F2888}.Debug|Any CPU.ActiveCfg = Debug|Any CPU
		{D878FD29-16AC-1BE8-9042-62F7221F2888}.Debug|Any CPU.Build.0 = Debug|Any CPU
		{D878FD29-16AC-1BE8-9042-62F7221F2888}.Release|Any CPU.ActiveCfg = Release|Any CPU
		{D878FD29-16AC-1BE8-9042-62F7221F2888}.Release|Any CPU.Build.0 = Release|Any CPU
		{2CC901F4-39FE-3DA6-8A2D-CD91BCB705A9}.Debug|Any CPU.ActiveCfg = Debug|Any CPU
		{2CC901F4-39FE-3DA6-8A2D-CD91BCB705A9}.Debug|Any CPU.Build.0 = Debug|Any CPU
		{2CC901F4-39FE-3DA6-8A2D-CD91BCB705A9}.Release|Any CPU.ActiveCfg = Release|Any CPU
		{2CC901F4-39FE-3DA6-8A2D-CD91BCB705A9}.Release|Any CPU.Build.0 = Release|Any CPU
		{37EFD417-8450-3054-8F95-68A3AE6A77C7}.Debug|Any CPU.ActiveCfg = Debug|Any CPU
		{37EFD417-8450-3054-8F95-68A3AE6A77C7}.Debug|Any CPU.Build.0 = Debug|Any CPU
		{37EFD417-8450-3054-8F95-68A3AE6A77C7}.Release|Any CPU.ActiveCfg = Release|Any CPU
		{37EFD417-8450-3054-8F95-68A3AE6A77C7}.Release|Any CPU.Build.0 = Release|Any CPU
		{7CAC81B7-BA5C-5FB8-DB05-A118F7F47E0E}.Debug|Any CPU.ActiveCfg = Debug|Any CPU
		{7CAC81B7-BA5C-5FB8-DB05-A118F7F47E0E}.Debug|Any CPU.Build.0 = Debug|Any CPU
		{7CAC81B7-BA5C-5FB8-DB05-A118F7F47E0E}.Release|Any CPU.ActiveCfg = Release|Any CPU
		{7CAC81B7-BA5C-5FB8-DB05-A118F7F47E0E}.Release|Any CPU.Build.0 = Release|Any CPU
	EndGlobalSection
	GlobalSection(SolutionProperties) = preSolution
		HideSolutionNode = FALSE
	EndGlobalSection
	GlobalSection(MonoDevelopProperties) = preSolution
		StartupItem = Assembly-CSharp.csproj
	EndGlobalSection
EndGlobal
